github.com/voodooEntity/archivist v1.0.2 h1:QesszRfOPdGmkT1ieAXa6LkRkch/22R/LPTu8DFkKUY=
github.com/voodooEntity/archivist v1.0.2/go.mod h1:Kw+7tEDicfscFX3Kl4wzTmICO66MjWxpXlFEP3UJCGc=
github.com/voodooEntity/gits v0.9.1 h1:V5fv04lUQVD2qrbm5kziC2b7etu5BOmMFWTx1QWbook=
github.com/voodooEntity/gits v0.9.1/go.mod h1:VB7qpYFyIXzP9pO9IukCGTg7mJ9FLlpXY6dqsCu1LlY=
github.com/voodooEntity/gits v0.9.5-0.20250510090320-4e8de2ca119c h1:fTgVvSi0MJ4RlU+ONvMJq0if7KorxLhHgmtdO4gMKUw=
github.com/voodooEntity/gits v0.9.5-0.20250510090320-4e8de2ca119c/go.mod h1:VB7qpYFyIXzP9pO9IukCGTg7mJ9FLlpXY6dqsCu1LlY=
github.com/voodooEntity/gits v0.9.5-0.20250510091258-c0544d5fac93 h1:UszJGjv+19HnXqXRn/yu3G6lqo4voFSDgcMDKMarPaM=
github.com/voodooEntity/gits v0.9.5-0.20250510091258-c0544d5fac93/go.mod h1:VB7qpYFyIXzP9pO9IukCGTg7mJ9FLlpXY6dqsCu1LlY=
github.com/voodooEntity/gits v0.9.5/go.mod h1:VB7qpYFyIXzP9pO9IukCGTg7mJ9FLlpXY6dqsCu1LlY=
github.com/voodooEntity/gitsapi v0.0.20 h1:P0tLDaS5l/QtS+u4xJKq4MYDR8nZDCYXSJmdFahRpyU=
github.com/voodooEntity/gitsapi v0.0.20/go.mod h1:TQ+m2NLypKsWFcCq6WubhCjvre/zbwnx4mEfGgWhLKs=
github.com/voodooEntity/go-cyberbrain-plugin-interface v0.2.0 h1:cWCkjkpr6YImUDcoQHmkKonww/EK4TEqz+1qPG0dgTk=
github.com/voodooEntity/go-cyberbrain-plugin-interface v0.2.0/go.mod h1:nRNXxkT0hA2OC7wE2QJhYS3eCxbW363s/xm0f042dfM=
github.com/voodooEntity/go-cyberbrain-plugin-interface v0.2.1 h1:tyDe8a/0YN66DplLK35jbfM3oAOEvzE88aO7KzSdZec=
github.com/voodooEntity/go-cyberbrain-plugin-interface v0.2.1/go.mod h1:nRNXxkT0hA2OC7wE2QJhYS3eCxbW363s/xm0f042dfM=
github.com/voodooEntity/go-cyberbrain-plugin-interface v0.2.2-0.20250510090924-a6f69f305966 h1:2EMG76wSeYFcLGgn8VJxfHQwSnxrZ0QZErW1IqMG0Ig=
github.com/voodooEntity/go-cyberbrain-plugin-interface v0.2.2-0.20250510090924-a6f69f305966/go.mod h1:wd+9d0sk+3H7bwZkGoLL8wSuxYqy+BO8ruRFywwdJUE=
github.com/voodooEntity/go-cyberbrain-plugin-interface v0.2.2-0.20250510091602-4ed6ce34b4d9 h1:++I+62O0urR72C36bo9ox2NO9Ld3vFwG0alABg2Sr/k=
github.com/voodooEntity/go-cyberbrain-plugin-interface v0.2.2-0.20250510091602-4ed6ce34b4d9/go.mod h1:nKKaaXW64/4F8Wuk0tlGcL4Ty8pg29qBivoFZ3VtSY0=
github.com/voodooEntity/go-cyberbrain-plugin-interface v0.2.2 h1:UFC7gKu72FLbYEqOLMEd222jqtPjfbKpHmahKTtl/LQ=
github.com/voodooEntity/go-cyberbrain-plugin-interface v0.2.2/go.mod h1:XO+gB/3g2QEpJujRFNCbuR4iKYDAv9rdlmvWGuQ0ucw=
golang.org/x/crypto v0.9.0 h1:LF6fAI+IutBocDJ2OT0Q1g8plpYljMZ4+lty+dsqw3g=
golang.org/x/crypto v0.9.0/go.mod h1:yrmDGqONDYtNj3tH8X9dzUun2m2lzPa9ngI6/RUPGR0=
